
Microsoft Visual Studio Solution File, Format Version 12.00
Project("{FAE04EC0-301F-11D3-BF4B-00C04F79EFBC}") = "ProjectSalvationServer", "ProjectSalvationServer.csproj", "{18A95F46-BF21-425A-B668-ED2AA1C87FFC}"
EndProject
Global
	GlobalSection(SolutionConfigurationPlatforms) = preSolution
		Debug|Any CPU = Debug|Any CPU
		Release|Any CPU = Release|Any CPU
	EndGlobalSection
	GlobalSection(ProjectConfigurationPlatforms) = postSolution
		{18A95F46-BF21-425A-B668-ED2AA1C87FFC}.Debug|Any CPU.ActiveCfg = Debug|Any CPU
		{18A95F46-BF21-425A-B668-ED2AA1C87FFC}.Debug|Any CPU.Build.0 = Debug|Any CPU
		{18A95F46-BF21-425A-B668-ED2AA1C87FFC}.Release|Any CPU.ActiveCfg = Release|Any CPU
		{18A95F46-BF21-425A-B668-ED2AA1C87FFC}.Release|Any CPU.Build.0 = Release|Any CPU
	EndGlobalSection
EndGlobal
